# THIS IS AN AUTOGENERATED FILE. DO NOT EDIT THIS FILE DIRECTLY.
# yarn lockfile v1


karma-junit-reporter@^2.0.1:
  version "2.0.1"
  resolved "https://registry.yarnpkg.com/karma-junit-reporter/-/karma-junit-reporter-2.0.1.tgz#d34eef7f0b2fd064e0896954e8851a90cf14c8f3"
  integrity sha512-VtcGfE0JE4OE1wn0LK8xxDKaTP7slN8DO3I+4xg6gAi1IoAHAXOJ1V9G/y45Xg6sxdxPOR3THCFtDlAfBo9Afw==
  dependencies:
    path-is-absolute "^1.0.0"
    xmlbuilder "12.0.0"

path-is-absolute@^1.0.0:
  version "1.0.1"
  resolved "https://registry.yarnpkg.com/path-is-absolute/-/path-is-absolute-1.0.1.tgz#174b9268735534ffbc7ace6bf53a5a9e1b5c5f5f"
  integrity sha1-F0uSaHNVNP+8es5r9TpanhtcX18=

xmlbuilder@12.0.0:
  version "12.0.0"
  resolved "https://registry.yarnpkg.com/xmlbuilder/-/xmlbuilder-12.0.0.tgz#e2ed675e06834a089ddfb84db96e2c2b03f78c1a"
  integrity sha512-lMo8DJ8u6JRWp0/Y4XLa/atVDr75H9litKlb2E5j3V3MesoL50EBgZDWoLT3F/LztVnG67GjPXLZpqcky/UMnQ==
